github.com/ugozlave/cargo v1.3.0 h1:ITMS2XBEG64bq7rsqcUQapCmZGj0AQ859l+tZ8O2taY=
github.com/ugozlave/cargo v1.3.0/go.mod h1:xspN+9t34UrI9n0BZWl/F09p3EiZsv+umLWQmgZRIyo=
github.com/ugozlave/gofast v0.8.0 h1:kmVwt/xhTi9QHNFxxLNoxRaRQ1En25SZ+DQyybgVJwE=
github.com/ugozlave/gofast v0.8.0/go.mod h1:qXj+TQf04RzgqfeDVFhO7o3aMPc7DCEgZgqBPw49oEU=
