github.com/ugozlave/cargo v1.5.0 h1:WsvGU87Mv8hahSRcjotni3yMbOvarwJVVJgk/FmzKtw=
github.com/ugozlave/cargo v1.5.0/go.mod h1:KDz61JD38mgnXTt7SWUcaZj7fD4rItPrXUl0ZSa2CiI=
github.com/ugozlave/gofast v0.12.0 h1:mtWiSOcF7YumF14IvxNmjlQ1lXrFYlc3Qb71M+++EtY=
github.com/ugozlave/gofast v0.12.0/go.mod h1:Gz594I/88QmurbSevHfsRs8U/rpZQsLUxSd9TX7gRfM=
