github.com/ugozlave/cargo v1.4.0 h1:HvDWbdHbMvzj4OYUTLo+DjFr3XlK0jyb8cSEjfX19Ns=
github.com/ugozlave/cargo v1.4.0/go.mod h1:xWAQdQbgP3dsNQSfeGn08uJjxJVjDJDZobb/gB03iw4=
github.com/ugozlave/gofast v0.9.0 h1:9CqMZ0rMmoo/Po9IXWgGqXuDHGodNLl8rOK3KVgWDCE=
github.com/ugozlave/gofast v0.9.0/go.mod h1:UUn537bJnrPXWn+nEMS+j78ssOZZ1VO8eESrRrUkZWE=
